
Microsoft Visual Studio Solution File, Format Version 12.00
# Visual Studio Version 16
VisualStudioVersion = 16.0.30907.101
MinimumVisualStudioVersion = 10.0.40219.1
Project("{8BC9CEB8-8B4A-11D0-8D11-00A0C91BC942}") = "dateTester", "dateTester.vcxproj", "{A6B3E8FE-AFA0-4CD1-B83E-9B127B11450D}"
EndProject
Global
	GlobalSection(SolutionConfigurationPlatforms) = preSolution
		Debug|x64 = Debug|x64
		Debug|x86 = Debug|x86
		Release|x64 = Release|x64
		Release|x86 = Release|x86
	EndGlobalSection
	GlobalSection(ProjectConfigurationPlatforms) = postSolution
		{A6B3E8FE-AFA0-4CD1-B83E-9B127B11450D}.Debug|x64.ActiveCfg = Debug|x64
		{A6B3E8FE-AFA0-4CD1-B83E-9B127B11450D}.Debug|x64.Build.0 = Debug|x64
		{A6B3E8FE-AFA0-4CD1-B83E-9B127B11450D}.Debug|x86.ActiveCfg = Debug|Win32
		{A6B3E8FE-AFA0-4CD1-B83E-9B127B11450D}.Debug|x86.Build.0 = Debug|Win32
		{A6B3E8FE-AFA0-4CD1-B83E-9B127B11450D}.Release|x64.ActiveCfg = Release|x64
		{A6B3E8FE-AFA0-4CD1-B83E-9B127B11450D}.Release|x64.Build.0 = Release|x64
		{A6B3E8FE-AFA0-4CD1-B83E-9B127B11450D}.Release|x86.ActiveCfg = Release|Win32
		{A6B3E8FE-AFA0-4CD1-B83E-9B127B11450D}.Release|x86.Build.0 = Release|Win32
	EndGlobalSection
	GlobalSection(SolutionProperties) = preSolution
		HideSolutionNode = FALSE
	EndGlobalSection
	GlobalSection(ExtensibilityGlobals) = postSolution
		SolutionGuid = {2123A876-4E7B-4F05-8B72-9850B2F2F71C}
	EndGlobalSection
EndGlobal
